
Microsoft Visual Studio Solution File, Format Version 12.00
# Visual Studio Version 16
VisualStudioVersion = 16.0.31205.134
MinimumVisualStudioVersion = 10.0.40219.1
Project("{FAE04EC0-301F-11D3-BF4B-00C04F79EFBC}") = "Final-Backend-Project", "Final-Backend-Project\Final-Backend-Project.csproj", "{6FFC04D5-6806-4E72-B5A0-FCF6A0CC9057}"
EndProject
Global
	GlobalSection(SolutionConfigurationPlatforms) = preSolution
		Debug|Any CPU = Debug|Any CPU
		Release|Any CPU = Release|Any CPU
	EndGlobalSection
	GlobalSection(ProjectConfigurationPlatforms) = postSolution
		{6FFC04D5-6806-4E72-B5A0-FCF6A0CC9057}.Debug|Any CPU.ActiveCfg = Debug|Any CPU
		{6FFC04D5-6806-4E72-B5A0-FCF6A0CC9057}.Debug|Any CPU.Build.0 = Debug|Any CPU
		{6FFC04D5-6806-4E72-B5A0-FCF6A0CC9057}.Release|Any CPU.ActiveCfg = Release|Any CPU
		{6FFC04D5-6806-4E72-B5A0-FCF6A0CC9057}.Release|Any CPU.Build.0 = Release|Any CPU
	EndGlobalSection
	GlobalSection(SolutionProperties) = preSolution
		HideSolutionNode = FALSE
	EndGlobalSection
	GlobalSection(ExtensibilityGlobals) = postSolution
		SolutionGuid = {8A318651-6653-4D36-92CE-94BC21DE34BD}
	EndGlobalSection
EndGlobal
